<?xml version="1.0" encoding="utf-8"?>
<Project ToolsVersion="4.0" xmlns="http://schemas.microsoft.com/developer/msbuild/2003">
  <ItemGroup>
    <Filter Include="Source Files">
      <UniqueIdentifier>{26469179-895c-4902-aa1d-b2b8c21d9750}</UniqueIdentifier>
      <Extensions>cpp;c;cxx;rc;def;r;odl;idl;hpj;bat</Extensions>
    </Filter>
    <Filter Include="Header Files">
      <UniqueIdentifier>{e632052a-e239-416d-a13d-52e5d9c93872}</UniqueIdentifier>
      <Extensions>h;hpp;hxx;hm;inl</Extensions>
    </Filter>
    <Filter Include="Resource Files">
      <UniqueIdentifier>{f3b370f3-3312-46c1-ad22-133c629c9f31}</UniqueIdentifier>
      <Extensions>ico;cur;bmp;dlg;rc2;rct;bin;rgs;gif;jpg;jpeg;jpe</Extensions>
    </Filter>
  </ItemGroup>
  <ItemGroup>
    <ClCompile Include="..\List ADT(some exercises in Chapter 13)\list.cpp">
      <Filter>Source Files</Filter>
    </ClCompile>
    <ClCompile Include="To_do list.cpp">
      <Filter>Source Files</Filter>
    </ClCompile>
  </ItemGroup>
  <ItemGroup>
    <ClInclude Include="..\List ADT(some exercises in Chapter 13)\list.h">
      <Filter>Header Files</Filter>
    </ClInclude>
  </ItemGroup>
</Project>