<?xml version="1.0" encoding="utf-8"?>
<Project ToolsVersion="4.0" xmlns="http://schemas.microsoft.com/developer/msbuild/2003">
  <ItemGroup>
    <Filter Include="源文件">
      <UniqueIdentifier>{4FC737F1-C7A5-4376-A066-2A32D752A2FF}</UniqueIdentifier>
      <Extensions>cpp;c;cc;cxx;def;odl;idl;hpj;bat;asm;asmx</Extensions>
    </Filter>
    <Filter Include="头文件">
      <UniqueIdentifier>{93995380-89BD-4b04-88EB-625FBE52EBFB}</UniqueIdentifier>
      <Extensions>h;hh;hpp;hxx;hm;inl;inc;xsd</Extensions>
    </Filter>
    <Filter Include="资源文件">
      <UniqueIdentifier>{67DA6AB6-F800-4c08-8B7A-83BB121AAD01}</UniqueIdentifier>
      <Extensions>rc;ico;cur;bmp;dlg;rc2;rct;bin;rgs;gif;jpg;jpeg;jpe;resx;tiff;tif;png;wav;mfcribbon-ms</Extensions>
    </Filter>
  </ItemGroup>
  <ItemGroup>
    <Text Include="ReadMe.txt" />
    <Text Include="wordfile.txt">
      <Filter>资源文件</Filter>
    </Text>
    <Text Include="info.txt" />
  </ItemGroup>
  <ItemGroup>
    <ClInclude Include="PhotoDialog.h">
      <Filter>头文件</Filter>
    </ClInclude>
    <ClInclude Include="PhotoDialogDlg.h">
      <Filter>头文件</Filter>
    </ClInclude>
    <ClInclude Include="stdafx.h">
      <Filter>头文件</Filter>
    </ClInclude>
    <ClInclude Include="targetver.h">
      <Filter>头文件</Filter>
    </ClInclude>
    <ClInclude Include="Resource.h">
      <Filter>头文件</Filter>
    </ClInclude>
    <ClInclude Include="DialogResult.h">
      <Filter>头文件</Filter>
    </ClInclude>
    <ClInclude Include="DialogPicture.h">
      <Filter>头文件</Filter>
    </ClInclude>
    <ClInclude Include="PictureRecord.h">
      <Filter>头文件</Filter>
    </ClInclude>
    <ClInclude Include="VertexRecord.h">
      <Filter>头文件</Filter>
    </ClInclude>
    <ClInclude Include="Node.h">
      <Filter>头文件</Filter>
    </ClInclude>
    <ClInclude Include="utility.h">
      <Filter>头文件</Filter>
    </ClInclude>
    <ClInclude Include="Linked_List.h">
      <Filter>头文件</Filter>
    </ClInclude>
    <ClInclude Include="Map.h">
      <Filter>头文件</Filter>
    </ClInclude>
    <ClInclude Include="PictureList.h">
      <Filter>头文件</Filter>
    </ClInclude>
  </ItemGroup>
  <ItemGroup>
    <ClCompile Include="PhotoDialog.cpp">
      <Filter>源文件</Filter>
    </ClCompile>
    <ClCompile Include="PhotoDialogDlg.cpp">
      <Filter>源文件</Filter>
    </ClCompile>
    <ClCompile Include="stdafx.cpp">
      <Filter>源文件</Filter>
    </ClCompile>
    <ClCompile Include="DialogResult.cpp">
      <Filter>源文件</Filter>
    </ClCompile>
    <ClCompile Include="DialogPicture.cpp">
      <Filter>源文件</Filter>
    </ClCompile>
    <ClCompile Include="PictureRecord.cpp">
      <Filter>源文件</Filter>
    </ClCompile>
    <ClCompile Include="VertexRecord.cpp">
      <Filter>源文件</Filter>
    </ClCompile>
    <ClCompile Include="utility.cpp">
      <Filter>源文件</Filter>
    </ClCompile>
    <ClCompile Include="Map.cpp">
      <Filter>源文件</Filter>
    </ClCompile>
    <ClCompile Include="PictureList.cpp">
      <Filter>源文件</Filter>
    </ClCompile>
  </ItemGroup>
  <ItemGroup>
    <ResourceCompile Include="PhotoDialog.rc">
      <Filter>资源文件</Filter>
    </ResourceCompile>
  </ItemGroup>
  <ItemGroup>
    <None Include="res\PhotoDialog.rc2">
      <Filter>资源文件</Filter>
    </None>
  </ItemGroup>
  <ItemGroup>
    <Image Include="res\PhotoDialog.ico">
      <Filter>资源文件</Filter>
    </Image>
    <Image Include="Aperture Science.ico">
      <Filter>资源文件</Filter>
    </Image>
    <Image Include="..\..\课件\第二學期\课件\軟件開發實踐\iPhotoBook\地图\中北整体图（可吟版）\bitmap2.bmp">
      <Filter>资源文件</Filter>
    </Image>
    <Image Include="bitmap1.bmp">
      <Filter>资源文件</Filter>
    </Image>
    <Image Include="APERTURE SCIENCE INNOVATORS.bmp">
      <Filter>资源文件</Filter>
    </Image>
  </ItemGroup>
</Project>